
Microsoft Visual Studio Solution File, Format Version 12.00
# Visual Studio Version 17
VisualStudioVersion = 17.6.33815.320
MinimumVisualStudioVersion = 10.0.40219.1
Project("{FAE04EC0-301F-11D3-BF4B-00C04F79EFBC}") = "HaoranServer", "HaoranServer\HaoranServer.csproj", "{34B18E2D-0404-4F79-87BC-BFA00FC41AB8}"
EndProject
Global
	GlobalSection(SolutionConfigurationPlatforms) = preSolution
		Debug|Any CPU = Debug|Any CPU
		Release|Any CPU = Release|Any CPU
	EndGlobalSection
	GlobalSection(ProjectConfigurationPlatforms) = postSolution
		{34B18E2D-0404-4F79-87BC-BFA00FC41AB8}.Debug|Any CPU.ActiveCfg = Debug|Any CPU
		{34B18E2D-0404-4F79-87BC-BFA00FC41AB8}.Debug|Any CPU.Build.0 = Debug|Any CPU
		{34B18E2D-0404-4F79-87BC-BFA00FC41AB8}.Release|Any CPU.ActiveCfg = Release|Any CPU
		{34B18E2D-0404-4F79-87BC-BFA00FC41AB8}.Release|Any CPU.Build.0 = Release|Any CPU
	EndGlobalSection
	GlobalSection(SolutionProperties) = preSolution
		HideSolutionNode = FALSE
	EndGlobalSection
	GlobalSection(ExtensibilityGlobals) = postSolution
		SolutionGuid = {99E5703C-B579-4A14-9935-35B126F70437}
	EndGlobalSection
EndGlobal
